
Microsoft Visual Studio Solution File, Format Version 12.00
# Visual Studio Version 17
VisualStudioVersion = 17.5.002.0
MinimumVisualStudioVersion = 10.0.40219.1
Project("{9A19103F-16F7-4668-BE54-9A1E7A4F7556}") = "backend_tfg", "backend_tfg.csproj", "{03ABB583-7236-4AB9-823B-1A0D6570B7FE}"
EndProject
Global
	GlobalSection(SolutionConfigurationPlatforms) = preSolution
		Debug|Any CPU = Debug|Any CPU
		Release|Any CPU = Release|Any CPU
	EndGlobalSection
	GlobalSection(ProjectConfigurationPlatforms) = postSolution
		{03ABB583-7236-4AB9-823B-1A0D6570B7FE}.Debug|Any CPU.ActiveCfg = Debug|Any CPU
		{03ABB583-7236-4AB9-823B-1A0D6570B7FE}.Debug|Any CPU.Build.0 = Debug|Any CPU
		{03ABB583-7236-4AB9-823B-1A0D6570B7FE}.Release|Any CPU.ActiveCfg = Release|Any CPU
		{03ABB583-7236-4AB9-823B-1A0D6570B7FE}.Release|Any CPU.Build.0 = Release|Any CPU
	EndGlobalSection
	GlobalSection(SolutionProperties) = preSolution
		HideSolutionNode = FALSE
	EndGlobalSection
	GlobalSection(ExtensibilityGlobals) = postSolution
		SolutionGuid = {26B79EC0-AE0E-4104-98F2-148C99293259}
	EndGlobalSection
EndGlobal
